
Microsoft Visual Studio Solution File, Format Version 12.00
# Visual Studio Version 17
VisualStudioVersion = 17.0.31903.59
MinimumVisualStudioVersion = 10.0.40219.1
Project("{FAE04EC0-301F-11D3-BF4B-00C04F79EFBC}") = "ExceptionEx2", "ExceptionEx2.csproj", "{A59D57CB-A834-4045-B3EC-EAF867127C37}"
EndProject
Global
	GlobalSection(SolutionConfigurationPlatforms) = preSolution
		Debug|Any CPU = Debug|Any CPU
		Release|Any CPU = Release|Any CPU
	EndGlobalSection
	GlobalSection(ProjectConfigurationPlatforms) = postSolution
		{A59D57CB-A834-4045-B3EC-EAF867127C37}.Debug|Any CPU.ActiveCfg = Debug|Any CPU
		{A59D57CB-A834-4045-B3EC-EAF867127C37}.Debug|Any CPU.Build.0 = Debug|Any CPU
		{A59D57CB-A834-4045-B3EC-EAF867127C37}.Release|Any CPU.ActiveCfg = Release|Any CPU
		{A59D57CB-A834-4045-B3EC-EAF867127C37}.Release|Any CPU.Build.0 = Release|Any CPU
	EndGlobalSection
	GlobalSection(SolutionProperties) = preSolution
		HideSolutionNode = FALSE
	EndGlobalSection
	GlobalSection(ExtensibilityGlobals) = postSolution
		SolutionGuid = {4039151A-88F0-4D88-9300-BB1FC300A452}
	EndGlobalSection
EndGlobal
