
Microsoft Visual Studio Solution File, Format Version 12.00
# Visual Studio Version 16
VisualStudioVersion = 16.0.31911.196
MinimumVisualStudioVersion = 10.0.40219.1
Project("{E24C65DC-7377-472B-9ABA-BC803B73C61A}") = "RegistrationForm", ".", "{7712F194-38F2-449A-9686-D03F8BB4241F}"
	ProjectSection(WebsiteProperties) = preProject
		TargetFrameworkMoniker = ".NETFramework,Version%3Dv4.7.2"
		Debug.AspNetCompiler.VirtualPath = "/localhost_50823"
		Debug.AspNetCompiler.PhysicalPath = "..\RegistrationForm\"
		Debug.AspNetCompiler.TargetPath = "PrecompiledWeb\localhost_50823\"
		Debug.AspNetCompiler.Updateable = "true"
		Debug.AspNetCompiler.ForceOverwrite = "true"
		Debug.AspNetCompiler.FixedNames = "false"
		Debug.AspNetCompiler.Debug = "True"
		Release.AspNetCompiler.VirtualPath = "/localhost_50823"
		Release.AspNetCompiler.PhysicalPath = "..\RegistrationForm\"
		Release.AspNetCompiler.TargetPath = "PrecompiledWeb\localhost_50823\"
		Release.AspNetCompiler.Updateable = "true"
		Release.AspNetCompiler.ForceOverwrite = "true"
		Release.AspNetCompiler.FixedNames = "false"
		Release.AspNetCompiler.Debug = "False"
		VWDPort = "50823"
		SlnRelativePath = "..\RegistrationForm\"
		DefaultWebSiteLanguage = "Visual C#"
	EndProjectSection
EndProject
Global
	GlobalSection(SolutionConfigurationPlatforms) = preSolution
		Debug|Any CPU = Debug|Any CPU
	EndGlobalSection
	GlobalSection(ProjectConfigurationPlatforms) = postSolution
		{7712F194-38F2-449A-9686-D03F8BB4241F}.Debug|Any CPU.ActiveCfg = Debug|Any CPU
		{7712F194-38F2-449A-9686-D03F8BB4241F}.Debug|Any CPU.Build.0 = Debug|Any CPU
	EndGlobalSection
	GlobalSection(SolutionProperties) = preSolution
		HideSolutionNode = FALSE
	EndGlobalSection
	GlobalSection(ExtensibilityGlobals) = postSolution
		SolutionGuid = {3CE2ACBA-DA59-454E-BD26-6DC4ECE9886F}
	EndGlobalSection
EndGlobal
