
Microsoft Visual Studio Solution File, Format Version 12.00
# Visual Studio Version 17
VisualStudioVersion = 17.0.31903.59
MinimumVisualStudioVersion = 10.0.40219.1
Project("{FAE04EC0-301F-11D3-BF4B-00C04F79EFBC}") = "CollectionEx2", "CollectionEx2.csproj", "{C23FA679-29AC-4CCB-AFFD-33CDE5B282AB}"
EndProject
Global
	GlobalSection(SolutionConfigurationPlatforms) = preSolution
		Debug|Any CPU = Debug|Any CPU
		Release|Any CPU = Release|Any CPU
	EndGlobalSection
	GlobalSection(ProjectConfigurationPlatforms) = postSolution
		{C23FA679-29AC-4CCB-AFFD-33CDE5B282AB}.Debug|Any CPU.ActiveCfg = Debug|Any CPU
		{C23FA679-29AC-4CCB-AFFD-33CDE5B282AB}.Debug|Any CPU.Build.0 = Debug|Any CPU
		{C23FA679-29AC-4CCB-AFFD-33CDE5B282AB}.Release|Any CPU.ActiveCfg = Release|Any CPU
		{C23FA679-29AC-4CCB-AFFD-33CDE5B282AB}.Release|Any CPU.Build.0 = Release|Any CPU
	EndGlobalSection
	GlobalSection(SolutionProperties) = preSolution
		HideSolutionNode = FALSE
	EndGlobalSection
	GlobalSection(ExtensibilityGlobals) = postSolution
		SolutionGuid = {98A9EF93-5837-40BF-B5E0-4FE98C0AAE38}
	EndGlobalSection
EndGlobal
